
Microsoft Visual Studio Solution File, Format Version 12.00
# Visual Studio Version 17
VisualStudioVersion = 17.14.36310.24 d17.14
MinimumVisualStudioVersion = 10.0.40219.1
Project("{FAE04EC0-301F-11D3-BF4B-00C04F79EFBC}") = "AudacityV2", "AudacityV2\AudacityV2.csproj", "{F466BD5A-CA65-42A0-A874-EB1469D775DB}"
EndProject
Global
	GlobalSection(SolutionConfigurationPlatforms) = preSolution
		Debug|Any CPU = Debug|Any CPU
		Release|Any CPU = Release|Any CPU
	EndGlobalSection
	GlobalSection(ProjectConfigurationPlatforms) = postSolution
		{F466BD5A-CA65-42A0-A874-EB1469D775DB}.Debug|Any CPU.ActiveCfg = Debug|Any CPU
		{F466BD5A-CA65-42A0-A874-EB1469D775DB}.Debug|Any CPU.Build.0 = Debug|Any CPU
		{F466BD5A-CA65-42A0-A874-EB1469D775DB}.Release|Any CPU.ActiveCfg = Release|Any CPU
		{F466BD5A-CA65-42A0-A874-EB1469D775DB}.Release|Any CPU.Build.0 = Release|Any CPU
	EndGlobalSection
	GlobalSection(SolutionProperties) = preSolution
		HideSolutionNode = FALSE
	EndGlobalSection
	GlobalSection(ExtensibilityGlobals) = postSolution
		SolutionGuid = {64B8790C-0D7A-48E4-9021-B14B52132D75}
	EndGlobalSection
EndGlobal
